
Microsoft Visual Studio Solution File, Format Version 12.00
# Visual Studio Version 17
VisualStudioVersion = 17.9.34714.143
MinimumVisualStudioVersion = 10.0.40219.1
Project("{FAE04EC0-301F-11D3-BF4B-00C04F79EFBC}") = "UniEstoque", "UniEstoque\UniEstoque.csproj", "{B023BB56-70FD-4A92-A240-F16CE3419E08}"
EndProject
Global
	GlobalSection(SolutionConfigurationPlatforms) = preSolution
		Debug|Any CPU = Debug|Any CPU
		Release|Any CPU = Release|Any CPU
	EndGlobalSection
	GlobalSection(ProjectConfigurationPlatforms) = postSolution
		{B023BB56-70FD-4A92-A240-F16CE3419E08}.Debug|Any CPU.ActiveCfg = Debug|Any CPU
		{B023BB56-70FD-4A92-A240-F16CE3419E08}.Debug|Any CPU.Build.0 = Debug|Any CPU
		{B023BB56-70FD-4A92-A240-F16CE3419E08}.Release|Any CPU.ActiveCfg = Release|Any CPU
		{B023BB56-70FD-4A92-A240-F16CE3419E08}.Release|Any CPU.Build.0 = Release|Any CPU
	EndGlobalSection
	GlobalSection(SolutionProperties) = preSolution
		HideSolutionNode = FALSE
	EndGlobalSection
	GlobalSection(ExtensibilityGlobals) = postSolution
		SolutionGuid = {0C812C2B-260C-4116-BB8F-7FC51EA44DF1}
	EndGlobalSection
EndGlobal
